github.com/go-openapi/testify/enable/yaml/v2 v2.6.1 h1:Jm+/ze2rMtbD98yen92AhATGLGREDYXG56Xr4gMjEtE=
github.com/go-openapi/testify/enable/yaml/v2 v2.6.1/go.mod h1:YDPnwCRDu38/oJBVMBVXOUDiJ9cIeBHWvfImHaXqnv4=
github.com/go-openapi/testify/v2 v2.6.1 h1:6CNJhTjMzgaeaH8WhshcsZNPIvRemiOcFpU7seO/y7Q=
github.com/go-openapi/testify/v2 v2.6.1/go.mod h1:SgsVHtfooshd0tublTtJ50FPKhujf47YRqauXXOUxfw=
go.yaml.in/yaml/v3 v3.0.5 h1:N6y/pJk8buWs9NY5ERU2HSMfm+IuD/OtfdAnq6kESPw=
go.yaml.in/yaml/v3 v3.0.5/go.mod h1:HVTZu1O7/Vkt2N+BFy8Zza+lnLsABggaTM2ZpNIGuKg=
