github.com/go-openapi/testify/enable/yaml/v2 v2.7.0 h1:wPW6YRgx3+SID1yUy/Xwa17L8kFEaEKod2VRbJDZNUs=
github.com/go-openapi/testify/enable/yaml/v2 v2.7.0/go.mod h1:mI1M88etYbc3PhgHsWQK2kwvNwW5aGFqMPbmib+SGIs=
github.com/go-openapi/testify/v2 v2.7.0 h1:bycOreEj6wfBvijg3YFogZ/sFjTCDmQnwSodSzHa3X8=
github.com/go-openapi/testify/v2 v2.7.0/go.mod h1:SgsVHtfooshd0tublTtJ50FPKhujf47YRqauXXOUxfw=
github.com/josharian/intern v1.0.0 h1:vlS4z54oSdjm0bgjRigI+G1HpF+tI+9rE5LLzOg8HmY=
github.com/josharian/intern v1.0.0/go.mod h1:5DoeVV0s6jJacbCEi61lwdGj/aVlrQvzHFFd8Hwg//Y=
github.com/mailru/easyjson v0.9.2 h1:dX8U45hQsZpxd80nLvDGihsQ/OxlvTkVUXH2r/8cb2M=
github.com/mailru/easyjson v0.9.2/go.mod h1:1+xMtQp2MRNVL/V1bOzuP3aP8VNwRW55fQUto+XFtTU=
go.yaml.in/yaml/v3 v3.0.5 h1:N6y/pJk8buWs9NY5ERU2HSMfm+IuD/OtfdAnq6kESPw=
go.yaml.in/yaml/v3 v3.0.5/go.mod h1:HVTZu1O7/Vkt2N+BFy8Zza+lnLsABggaTM2ZpNIGuKg=
